
Microsoft Visual Studio Solution File, Format Version 12.00
# Visual Studio Version 17
VisualStudioVersion = 17.10.35122.118
MinimumVisualStudioVersion = 10.0.40219.1
Project("{8BC9CEB8-8B4A-11D0-8D11-00A0C91BC942}") = "P06-318304188", "P06-318304188\P06-318304188.vcxproj", "{5160B43B-203A-4AF6-822A-9BAF363FBC54}"
EndProject
Global
	GlobalSection(SolutionConfigurationPlatforms) = preSolution
		Debug|x64 = Debug|x64
		Debug|x86 = Debug|x86
		Release|x64 = Release|x64
		Release|x86 = Release|x86
	EndGlobalSection
	GlobalSection(ProjectConfigurationPlatforms) = postSolution
		{5160B43B-203A-4AF6-822A-9BAF363FBC54}.Debug|x64.ActiveCfg = Debug|x64
		{5160B43B-203A-4AF6-822A-9BAF363FBC54}.Debug|x64.Build.0 = Debug|x64
		{5160B43B-203A-4AF6-822A-9BAF363FBC54}.Debug|x86.ActiveCfg = Debug|Win32
		{5160B43B-203A-4AF6-822A-9BAF363FBC54}.Debug|x86.Build.0 = Debug|Win32
		{5160B43B-203A-4AF6-822A-9BAF363FBC54}.Release|x64.ActiveCfg = Release|x64
		{5160B43B-203A-4AF6-822A-9BAF363FBC54}.Release|x64.Build.0 = Release|x64
		{5160B43B-203A-4AF6-822A-9BAF363FBC54}.Release|x86.ActiveCfg = Release|Win32
		{5160B43B-203A-4AF6-822A-9BAF363FBC54}.Release|x86.Build.0 = Release|Win32
	EndGlobalSection
	GlobalSection(SolutionProperties) = preSolution
		HideSolutionNode = FALSE
	EndGlobalSection
	GlobalSection(ExtensibilityGlobals) = postSolution
		SolutionGuid = {052E01DB-5DDE-429F-8F6D-33F27D97C988}
	EndGlobalSection
EndGlobal
